
Microsoft Visual Studio Solution File, Format Version 12.00
# Visual Studio 2012
Project("{8BC9CEB8-8B4A-11D0-8D11-00A0C91BC942}") = "ExOh - HackBulgaria", "ExOh - HackBulgaria\ExOh - HackBulgaria.vcxproj", "{496CF617-A505-43FE-82CD-F60F64CA2FF9}"
EndProject
Global
	GlobalSection(SolutionConfigurationPlatforms) = preSolution
		Debug|Win32 = Debug|Win32
		Release|Win32 = Release|Win32
	EndGlobalSection
	GlobalSection(ProjectConfigurationPlatforms) = postSolution
		{496CF617-A505-43FE-82CD-F60F64CA2FF9}.Debug|Win32.ActiveCfg = Debug|Win32
		{496CF617-A505-43FE-82CD-F60F64CA2FF9}.Debug|Win32.Build.0 = Debug|Win32
		{496CF617-A505-43FE-82CD-F60F64CA2FF9}.Release|Win32.ActiveCfg = Release|Win32
		{496CF617-A505-43FE-82CD-F60F64CA2FF9}.Release|Win32.Build.0 = Release|Win32
	EndGlobalSection
	GlobalSection(SolutionProperties) = preSolution
		HideSolutionNode = FALSE
	EndGlobalSection
EndGlobal
